// !$*UTF8*$!
{
	archiveVersion = 1;
	classes = {
	};
	objectVersion = 50;
	objects = {

/* Begin PBXBuildFile section */
		63985299231037520015A46B /* AppDelegate.m in Sources */ = {isa = PBXBuildFile; fileRef = 63985298231037520015A46B /* AppDelegate.m */; };
		6398529F231037520015A46B /* Main.storyboard in Resources */ = {isa = PBXBuildFile; fileRef = 6398529D231037520015A46B /* Main.storyboard */; };
		639852A1231037530015A46B /* Assets.xcassets in Resources */ = {isa = PBXBuildFile; fileRef = 639852A0231037530015A46B /* Assets.xcassets */; };
		639852A4231037530015A46B /* LaunchScreen.storyboard in Resources */ = {isa = PBXBuildFile; fileRef = 639852A2231037530015A46B /* LaunchScreen.storyboard */; };
		639852A7231037530015A46B /* main.m in Sources */ = {isa = PBXBuildFile; fileRef = 639852A6231037530015A46B /* main.m */; };
		639852B4231038310015A46B /* BTKMovie.m in Sources */ = {isa = PBXBuildFile; fileRef = 639852B3231038310015A46B /* BTKMovie.m */; };
/* End PBXBuildFile section */

/* Begin PBXFileReference section */
		63985294231037520015A46B /* Week4Assessment.app */ = {isa = PBXFileReference; explicitFileType = wrapper.application; includeInIndex = 0; path = Week4Assessment.app; sourceTree = BUILT_PRODUCTS_DIR; };
		63985297231037520015A46B /* AppDelegate.h */ = {isa = PBXFileReference; lastKnownFileType = sourcecode.c.h; path = AppDelegate.h; sourceTree = "<group>"; };
		63985298231037520015A46B /* AppDelegate.m */ = {isa = PBXFileReference; lastKnownFileType = sourcecode.c.objc; path = AppDelegate.m; sourceTree = "<group>"; };
		6398529E231037520015A46B /* Base */ = {isa = PBXFileReference; lastKnownFileType = file.storyboard; name = Base; path = Base.lproj/Main.storyboard; sourceTree = "<group>"; };
		639852A0231037530015A46B /* Assets.xcassets */ = {isa = PBXFileReference; lastKnownFileType = folder.assetcatalog; path = Assets.xcassets; sourceTree = "<group>"; };
		639852A3231037530015A46B /* Base */ = {isa = PBXFileReference; lastKnownFileType = file.storyboard; name = Base; path = Base.lproj/LaunchScreen.storyboard; sourceTree = "<group>"; };
		639852A5231037530015A46B /* Info.plist */ = {isa = PBXFileReference; lastKnownFileType = text.plist.xml; path = Info.plist; sourceTree = "<group>"; };
		639852A6231037530015A46B /* main.m */ = {isa = PBXFileReference; lastKnownFileType = sourcecode.c.objc; path = main.m; sourceTree = "<group>"; };
		639852B2231038310015A46B /* BTKMovie.h */ = {isa = PBXFileReference; lastKnownFileType = sourcecode.c.h; path = BTKMovie.h; sourceTree = "<group>"; };
		639852B3231038310015A46B /* BTKMovie.m */ = {isa = PBXFileReference; lastKnownFileType = sourcecode.c.objc; path = BTKMovie.m; sourceTree = "<group>"; };
/* End PBXFileReference section */

/* Begin PBXFrameworksBuildPhase section */
		63985291231037520015A46B /* Frameworks */ = {
			isa = PBXFrameworksBuildPhase;
			buildActionMask = 2147483647;
			files = (
			);
			runOnlyForDeploymentPostprocessing = 0;
		};
/* End PBXFrameworksBuildPhase section */

/* Begin PBXGroup section */
		6398528B231037520015A46B = {
			isa = PBXGroup;
			children = (
				63985296231037520015A46B /* Week4Assessment */,
				63985295231037520015A46B /* Products */,
			);
			sourceTree = "<group>";
		};
		63985295231037520015A46B /* Products */ = {
			isa = PBXGroup;
			children = (
				63985294231037520015A46B /* Week4Assessment.app */,
			);
			name = Products;
			sourceTree = "<group>";
		};
		63985296231037520015A46B /* Week4Assessment */ = {
			isa = PBXGroup;
			children = (
				639852B1231038090015A46B /* View */,
				639852B0231038010015A46B /* ViewController */,
				639852AF231037FA0015A46B /* ModelController */,
				639852AE231037F40015A46B /* Model */,
				639852AD231037E90015A46B /* Resources */,
				6398529D231037520015A46B /* Main.storyboard */,
			);
			path = Week4Assessment;
			sourceTree = "<group>";
		};
		639852AD231037E90015A46B /* Resources */ = {
			isa = PBXGroup;
			children = (
				63985297231037520015A46B /* AppDelegate.h */,
				63985298231037520015A46B /* AppDelegate.m */,
				639852A0231037530015A46B /* Assets.xcassets */,
				639852A2231037530015A46B /* LaunchScreen.storyboard */,
				639852A5231037530015A46B /* Info.plist */,
				639852A6231037530015A46B /* main.m */,
			);
			path = Resources;
			sourceTree = "<group>";
		};
		639852AE231037F40015A46B /* Model */ = {
			isa = PBXGroup;
			children = (
				639852B2231038310015A46B /* BTKMovie.h */,
				639852B3231038310015A46B /* BTKMovie.m */,
			);
			path = Model;
			sourceTree = "<group>";
		};
		639852AF231037FA0015A46B /* ModelController */ = {
			isa = PBXGroup;
			children = (
			);
			path = ModelController;
			sourceTree = "<group>";
		};
		639852B0231038010015A46B /* ViewController */ = {
			isa = PBXGroup;
			children = (
			);
			path = ViewController;
			sourceTree = "<group>";
		};
		639852B1231038090015A46B /* View */ = {
			isa = PBXGroup;
			children = (
			);
			path = View;
			sourceTree = "<group>";
		};
/* End PBXGroup section */

/* Begin PBXNativeTarget section */
		63985293231037520015A46B /* Week4Assessment */ = {
			isa = PBXNativeTarget;
			buildConfigurationList = 639852AA231037530015A46B /* Build configuration list for PBXNativeTarget "Week4Assessment" */;
			buildPhases = (
				63985290231037520015A46B /* Sources */,
				63985291231037520015A46B /* Frameworks */,
				63985292231037520015A46B /* Resources */,
			);
			buildRules = (
			);
			dependencies = (
			);
			name = Week4Assessment;
			productName = Week4Assessment;
			productReference = 63985294231037520015A46B /* Week4Assessment.app */;
			productType = "com.apple.product-type.application";
		};
/* End PBXNativeTarget section */

/* Begin PBXProject section */
		6398528C231037520015A46B /* Project object */ = {
			isa = PBXProject;
			attributes = {
				LastUpgradeCheck = 1030;
				ORGANIZATIONNAME = "Blake kvarfordt";
				TargetAttributes = {
					63985293231037520015A46B = {
						CreatedOnToolsVersion = 10.3;
					};
				};
			};
			buildConfigurationList = 6398528F231037520015A46B /* Build configuration list for PBXProject "Week4Assessment" */;
			compatibilityVersion = "Xcode 9.3";
			developmentRegion = en;
			hasScannedForEncodings = 0;
			knownRegions = (
				en,
				Base,
			);
			mainGroup = 6398528B231037520015A46B;
			productRefGroup = 63985295231037520015A46B /* Products */;
			projectDirPath = "";
			projectRoot = "";
			targets = (
				63985293231037520015A46B /* Week4Assessment */,
			);
		};
/* End PBXProject section */

/* Begin PBXResourcesBuildPhase section */
		63985292231037520015A46B /* Resources */ = {
			isa = PBXResourcesBuildPhase;
			buildActionMask = 2147483647;
			files = (
				639852A4231037530015A46B /* LaunchScreen.storyboard in Resources */,
				639852A1231037530015A46B /* Assets.xcassets in Resources */,
				6398529F231037520015A46B /* Main.storyboard in Resources */,
			);
			runOnlyForDeploymentPostprocessing = 0;
		};
/* End PBXResourcesBuildPhase section */

/* Begin PBXSourcesBuildPhase section */
		63985290231037520015A46B /* Sources */ = {
			isa = PBXSourcesBuildPhase;
			buildActionMask = 2147483647;
			files = (
				639852A7231037530015A46B /* main.m in Sources */,
				63985299231037520015A46B /* AppDelegate.m in Sources */,
				639852B4231038310015A46B /* BTKMovie.m in Sources */,
			);
			runOnlyForDeploymentPostprocessing = 0;
		};
/* End PBXSourcesBuildPhase section */

/* Begin PBXVariantGroup section */
		6398529D231037520015A46B /* Main.storyboard */ = {
			isa = PBXVariantGroup;
			children = (
				6398529E231037520015A46B /* Base */,
			);
			name = Main.storyboard;
			sourceTree = "<group>";
		};
		639852A2231037530015A46B /* LaunchScreen.storyboard */ = {
			isa = PBXVariantGroup;
			children = (
				639852A3231037530015A46B /* Base */,
			);
			name = LaunchScreen.storyboard;
			sourceTree = "<group>";
		};
/* End PBXVariantGroup section */

/* Begin XCBuildConfiguration section */
		639852A8231037530015A46B /* Debug */ = {
			isa = XCBuildConfiguration;
			buildSettings = {
				ALWAYS_SEARCH_USER_PATHS = NO;
				CLANG_ANALYZER_NONNULL = YES;
				CLANG_ANALYZER_NUMBER_OBJECT_CONVERSION = YES_AGGRESSIVE;
				CLANG_CXX_LANGUAGE_STANDARD = "gnu++14";
				CLANG_CXX_LIBRARY = "libc++";
				CLANG_ENABLE_MODULES = YES;
				CLANG_ENABLE_OBJC_ARC = YES;
				CLANG_ENABLE_OBJC_WEAK = YES;
				CLANG_WARN_BLOCK_CAPTURE_AUTORELEASING = YES;
				CLANG_WARN_BOOL_CONVERSION = YES;
				CLANG_WARN_COMMA = YES;
				CLANG_WARN_CONSTANT_CONVERSION = YES;
				CLANG_WARN_DEPRECATED_OBJC_IMPLEMENTATIONS = YES;
				CLANG_WARN_DIRECT_OBJC_ISA_USAGE = YES_ERROR;
				CLANG_WARN_DOCUMENTATION_COMMENTS = YES;
				CLANG_WARN_EMPTY_BODY = YES;
				CLANG_WARN_ENUM_CONVERSION = YES;
				CLANG_WARN_INFINITE_RECURSION = YES;
				CLANG_WARN_INT_CONVERSION = YES;
				CLANG_WARN_NON_LITERAL_NULL_CONVERSION = YES;
				CLANG_WARN_OBJC_IMPLICIT_RETAIN_SELF = YES;
				CLANG_WARN_OBJC_LITERAL_CONVERSION = YES;
				CLANG_WARN_OBJC_ROOT_CLASS = YES_ERROR;
				CLANG_WARN_RANGE_LOOP_ANALYSIS = YES;
				CLANG_WARN_STRICT_PROTOTYPES = YES;
				CLANG_WARN_SUSPICIOUS_MOVE = YES;
				CLANG_WARN_UNGUARDED_AVAILABILITY = YES_AGGRESSIVE;
				CLANG_WARN_UNREACHABLE_CODE = YES;
				CLANG_WARN__DUPLICATE_METHOD_MATCH = YES;
				CODE_SIGN_IDENTITY = "iPhone Developer";
				COPY_PHASE_STRIP = NO;
				DEBUG_INFORMATION_FORMAT = dwarf;
				ENABLE_STRICT_OBJC_MSGSEND = YES;
				ENABLE_TESTABILITY = YES;
				GCC_C_LANGUAGE_STANDARD = gnu11;
				GCC_DYNAMIC_NO_PIC = NO;
				GCC_NO_COMMON_BLOCKS = YES;
				GCC_OPTIMIZATION_LEVEL = 0;
				GCC_PREPROCESSOR_DEFINITIONS = (
					"DEBUG=1",
					"$(inherited)",
				);
				GCC_WARN_64_TO_32_BIT_CONVERSION = YES;
				GCC_WARN_ABOUT_RETURN_TYPE = YES_ERROR;
				GCC_WARN_UNDECLARED_SELECTOR = YES;
				GCC_WARN_UNINITIALIZED_AUTOS = YES_AGGRESSIVE;
				GCC_WARN_UNUSED_FUNCTION = YES;
				GCC_WARN_UNUSED_VARIABLE = YES;
				IPHONEOS_DEPLOYMENT_TARGET = 12.4;
				MTL_ENABLE_DEBUG_INFO = INCLUDE_SOURCE;
				MTL_FAST_MATH = YES;
				ONLY_ACTIVE_ARCH = YES;
				SDKROOT = iphoneos;
			};
			name = Debug;
		};
		639852A9231037530015A46B /* Release */ = {
			isa = XCBuildConfiguration;
			buildSettings = {
				ALWAYS_SEARCH_USER_PATHS = NO;
				CLANG_ANALYZER_NONNULL = YES;
				CLANG_ANALYZER_NUMBER_OBJECT_CONVERSION = YES_AGGRESSIVE;
				CLANG_CXX_LANGUAGE_STANDARD = "gnu++14";
				CLANG_CXX_LIBRARY = "libc++";
				CLANG_ENABLE_MODULES = YES;
				CLANG_ENABLE_OBJC_ARC = YES;
				CLANG_ENABLE_OBJC_WEAK = YES;
				CLANG_WARN_BLOCK_CAPTURE_AUTORELEASING = YES;
				CLANG_WARN_BOOL_CONVERSION = YES;
				CLANG_WARN_COMMA = YES;
				CLANG_WARN_CONSTANT_CONVERSION = YES;
				CLANG_WARN_DEPRECATED_OBJC_IMPLEMENTATIONS = YES;
				CLANG_WARN_DIRECT_OBJC_ISA_USAGE = YES_ERROR;
				CLANG_WARN_DOCUMENTATION_COMMENTS = YES;
				CLANG_WARN_EMPTY_BODY = YES;
				CLANG_WARN_ENUM_CONVERSION = YES;
				CLANG_WARN_INFINITE_RECURSION = YES;
				CLANG_WARN_INT_CONVERSION = YES;
				CLANG_WARN_NON_LITERAL_NULL_CONVERSION = YES;
				CLANG_WARN_OBJC_IMPLICIT_RETAIN_SELF = YES;
				CLANG_WARN_OBJC_LITERAL_CONVERSION = YES;
				CLANG_WARN_OBJC_ROOT_CLASS = YES_ERROR;
				CLANG_WARN_RANGE_LOOP_ANALYSIS = YES;
				CLANG_WARN_STRICT_PROTOTYPES = YES;
				CLANG_WARN_SUSPICIOUS_MOVE = YES;
				CLANG_WARN_UNGUARDED_AVAILABILITY = YES_AGGRESSIVE;
				CLANG_WARN_UNREACHABLE_CODE = YES;
				CLANG_WARN__DUPLICATE_METHOD_MATCH = YES;
				CODE_SIGN_IDENTITY = "iPhone Developer";
				COPY_PHASE_STRIP = NO;
				DEBUG_INFORMATION_FORMAT = "dwarf-with-dsym";
				ENABLE_NS_ASSERTIONS = NO;
				ENABLE_STRICT_OBJC_MSGSEND = YES;
				GCC_C_LANGUAGE_STANDARD = gnu11;
				GCC_NO_COMMON_BLOCKS = YES;
				GCC_WARN_64_TO_32_BIT_CONVERSION = YES;
				GCC_WARN_ABOUT_RETURN_TYPE = YES_ERROR;
				GCC_WARN_UNDECLARED_SELECTOR = YES;
				GCC_WARN_UNINITIALIZED_AUTOS = YES_AGGRESSIVE;
				GCC_WARN_UNUSED_FUNCTION = YES;
				GCC_WARN_UNUSED_VARIABLE = YES;
				IPHONEOS_DEPLOYMENT_TARGET = 12.4;
				MTL_ENABLE_DEBUG_INFO = NO;
				MTL_FAST_MATH = YES;
				SDKROOT = iphoneos;
				VALIDATE_PRODUCT = YES;
			};
			name = Release;
		};
		639852AB231037530015A46B /* Debug */ = {
			isa = XCBuildConfiguration;
			buildSettings = {
				ASSETCATALOG_COMPILER_APPICON_NAME = AppIcon;
				CODE_SIGN_STYLE = Automatic;
				DEVELOPMENT_TEAM = 83YG3ZQCH4;
				INFOPLIST_FILE = "$(SRCROOT)/Week4Assessment/Resources/Info.plist";
				LD_RUNPATH_SEARCH_PATHS = (
					"$(inherited)",
					"@executable_path/Frameworks",
				);
				PRODUCT_BUNDLE_IDENTIFIER = com.blakekvarfordt.Week4Assessment;
				PRODUCT_NAME = "$(TARGET_NAME)";
				TARGETED_DEVICE_FAMILY = "1,2";
			};
			name = Debug;
		};
		639852AC231037530015A46B /* Release */ = {
			isa = XCBuildConfiguration;
			buildSettings = {
				ASSETCATALOG_COMPILER_APPICON_NAME = AppIcon;
				CODE_SIGN_STYLE = Automatic;
				DEVELOPMENT_TEAM = 83YG3ZQCH4;
				INFOPLIST_FILE = "$(SRCROOT)/Week4Assessment/Resources/Info.plist";
				LD_RUNPATH_SEARCH_PATHS = (
					"$(inherited)",
					"@executable_path/Frameworks",
				);
				PRODUCT_BUNDLE_IDENTIFIER = com.blakekvarfordt.Week4Assessment;
				PRODUCT_NAME = "$(TARGET_NAME)";
				TARGETED_DEVICE_FAMILY = "1,2";
			};
			name = Release;
		};
/* End XCBuildConfiguration section */

/* Begin XCConfigurationList section */
		6398528F231037520015A46B /* Build configuration list for PBXProject "Week4Assessment" */ = {
			isa = XCConfigurationList;
			buildConfigurations = (
				639852A8231037530015A46B /* Debug */,
				639852A9231037530015A46B /* Release */,
			);
			defaultConfigurationIsVisible = 0;
			defaultConfigurationName = Release;
		};
		639852AA231037530015A46B /* Build configuration list for PBXNativeTarget "Week4Assessment" */ = {
			isa = XCConfigurationList;
			buildConfigurations = (
				639852AB231037530015A46B /* Debug */,
				639852AC231037530015A46B /* Release */,
			);
			defaultConfigurationIsVisible = 0;
			defaultConfigurationName = Release;
		};
/* End XCConfigurationList section */
	};
	rootObject = 6398528C231037520015A46B /* Project object */;
}
